
Microsoft Visual Studio Solution File, Format Version 12.00
# Visual Studio 14
VisualStudioVersion = 14.0.25123.0
MinimumVisualStudioVersion = 10.0.40219.1
Project("{2150E333-8FDC-42A3-9474-1A3956D46DE8}") = "src", "src", "{095F2579-F293-4419-946C-A1392323FD5C}"
EndProject
Project("{2150E333-8FDC-42A3-9474-1A3956D46DE8}") = "test", "test", "{8F99697A-B195-46F6-B299-56A1756AF90E}"
EndProject
Project("{FAE04EC0-301F-11D3-BF4B-00C04F79EFBC}") = "CNBlogs.Apply.Application.DTOs", "CNBlogs.Apply.Application.DTOs\CNBlogs.Apply.Application.DTOs.csproj", "{AC849CA2-49DB-46BF-AC19-97A2343D9198}"
EndProject
Project("{2150E333-8FDC-42A3-9474-1A3956D46DE8}") = "1-Presentation", "1-Presentation", "{6C924FAC-B011-4A1B-B211-E7C4FF624365}"
EndProject
Project("{2150E333-8FDC-42A3-9474-1A3956D46DE8}") = "2-Application", "2-Application", "{9C4E419A-F8BD-42A4-A3E9-3C6EC9569D2E}"
EndProject
Project("{2150E333-8FDC-42A3-9474-1A3956D46DE8}") = "3-Domain", "3-Domain", "{79EDDE04-83BE-48C2-8A6C-1E4E5976B98C}"
EndProject
Project("{2150E333-8FDC-42A3-9474-1A3956D46DE8}") = "4-Infrastructure", "4-Infrastructure", "{CE6A4AFB-E76C-4729-B4AB-62BE4C635BCA}"
EndProject
Project("{FAE04EC0-301F-11D3-BF4B-00C04F79EFBC}") = "CNBlogs.Apply.Domain", "CNBlogs.Apply.Domain\CNBlogs.Apply.Domain.csproj", "{FFCCABA9-B5B9-454A-899A-EB84F65B06BA}"
EndProject
Project("{FAE04EC0-301F-11D3-BF4B-00C04F79EFBC}") = "CNBlogs.Apply.Repository.Interfaces", "CNBlogs.Apply.Repository.Interfaces\CNBlogs.Apply.Repository.Interfaces.csproj", "{386A49B5-6946-434B-9E1B-1DBDC3E11E42}"
EndProject
Project("{FAE04EC0-301F-11D3-BF4B-00C04F79EFBC}") = "CNBlogs.Apply.Infrastructure.Interfaces", "CNBlogs.Apply.Infrastructure.Interfaces\CNBlogs.Apply.Infrastructure.Interfaces.csproj", "{B07A8D00-4BC4-4876-9B3E-7015EABAE71F}"
EndProject
Project("{FAE04EC0-301F-11D3-BF4B-00C04F79EFBC}") = "CNBlogs.Apply.Infrastructure", "CNBlogs.Apply.Infrastructure\CNBlogs.Apply.Infrastructure.csproj", "{BAB5818F-8F03-4C05-867A-C9BAAF3EEA36}"
EndProject
Project("{FAE04EC0-301F-11D3-BF4B-00C04F79EFBC}") = "CNBlogs.Apply.Repository", "CNBlogs.Apply.Repository\CNBlogs.Apply.Repository.csproj", "{8E57963D-9B71-4E64-B2CE-690D94E15D11}"
EndProject
Project("{FAE04EC0-301F-11D3-BF4B-00C04F79EFBC}") = "CNBlogs.Apply.BootStrapper", "CNBlogs.Apply.BootStrapper\CNBlogs.Apply.BootStrapper.csproj", "{26D3BD1F-C5E6-4981-BA76-8BA1A2A5A17B}"
EndProject
Project("{FAE04EC0-301F-11D3-BF4B-00C04F79EFBC}") = "CNBlogs.Apply.Application.Interfaces", "CNBlogs.Apply.Application.Interfaces\CNBlogs.Apply.Application.Interfaces.csproj", "{AA88F861-158E-4734-844A-DF34C5AD84A1}"
EndProject
Project("{FAE04EC0-301F-11D3-BF4B-00C04F79EFBC}") = "CNBlogs.Apply.Application.Services", "CNBlogs.Apply.Application.Services\CNBlogs.Apply.Application.Services.csproj", "{87618B0D-A199-4DE9-A2A8-D7E2ED0CB48A}"
EndProject
Project("{FAE04EC0-301F-11D3-BF4B-00C04F79EFBC}") = "CNBlogs.Apply.ServiceAgent", "CNBlogs.Apply.ServiceAgent\CNBlogs.Apply.ServiceAgent.csproj", "{C07936D3-431E-46D5-9517-C90DAA08D41C}"
EndProject
Project("{FAE04EC0-301F-11D3-BF4B-00C04F79EFBC}") = "CNBlogs.Apply.Domain.ValueObjects", "CNBlogs.Apply.Domain.ValueObjects\CNBlogs.Apply.Domain.ValueObjects.csproj", "{F3118A87-6041-4454-82CA-372309B5EAFA}"
EndProject
Project("{FAE04EC0-301F-11D3-BF4B-00C04F79EFBC}") = "CNBlogs.Apply.Domain.DomainServices", "CNBlogs.Apply.Domain.DomainServices\CNBlogs.Apply.Domain.DomainServices.csproj", "{0878BD81-89D2-4696-A419-D0F7F5A97122}"
EndProject
Project("{FAE04EC0-301F-11D3-BF4B-00C04F79EFBC}") = "CNBlogs.Apply.Domain.DomainEvents", "CNBlogs.Apply.Domain.DomainEvents\CNBlogs.Apply.Domain.DomainEvents.csproj", "{95934A98-88B4-481F-AA89-CC953C204547}"
EndProject
Project("{FAE04EC0-301F-11D3-BF4B-00C04F79EFBC}") = "CNBlogs.Apply.Domain.Tests", "CNBlogs.Apply.Domain.Tests\CNBlogs.Apply.Domain.Tests.csproj", "{080D699B-A248-432E-A56D-CA1870F34ECC}"
EndProject
Project("{FAE04EC0-301F-11D3-BF4B-00C04F79EFBC}") = "CNBlogs.Apply.Infrastructure.IoC.Contracts", "CNBlogs.Apply.Infrastructure.IoC.Contracts\CNBlogs.Apply.Infrastructure.IoC.Contracts.csproj", "{A3FDF81B-42C8-43E1-BC6F-A57A89A8160C}"
EndProject
Project("{FAE04EC0-301F-11D3-BF4B-00C04F79EFBC}") = "CNBlogs.Apply.Application.Tests", "CNBlogs.Apply.Application.Tests\CNBlogs.Apply.Application.Tests.csproj", "{EB63612B-A7C1-4788-9313-501B4AA68A72}"
EndProject
Project("{FAE04EC0-301F-11D3-BF4B-00C04F79EFBC}") = "CNBlogs.Apply.Repository.Tests", "CNBlogs.Apply.Repository.Tests\CNBlogs.Apply.Repository.Tests.csproj", "{4462312A-C625-421D-B693-0082716F84F4}"
EndProject
Global
	GlobalSection(SolutionConfigurationPlatforms) = preSolution
		Debug|Any CPU = Debug|Any CPU
		Release|Any CPU = Release|Any CPU
	EndGlobalSection
	GlobalSection(ProjectConfigurationPlatforms) = postSolution
		{AC849CA2-49DB-46BF-AC19-97A2343D9198}.Debug|Any CPU.ActiveCfg = Debug|Any CPU
		{AC849CA2-49DB-46BF-AC19-97A2343D9198}.Debug|Any CPU.Build.0 = Debug|Any CPU
		{AC849CA2-49DB-46BF-AC19-97A2343D9198}.Release|Any CPU.ActiveCfg = Release|Any CPU
		{AC849CA2-49DB-46BF-AC19-97A2343D9198}.Release|Any CPU.Build.0 = Release|Any CPU
		{FFCCABA9-B5B9-454A-899A-EB84F65B06BA}.Debug|Any CPU.ActiveCfg = Debug|Any CPU
		{FFCCABA9-B5B9-454A-899A-EB84F65B06BA}.Debug|Any CPU.Build.0 = Debug|Any CPU
		{FFCCABA9-B5B9-454A-899A-EB84F65B06BA}.Release|Any CPU.ActiveCfg = Release|Any CPU
		{FFCCABA9-B5B9-454A-899A-EB84F65B06BA}.Release|Any CPU.Build.0 = Release|Any CPU
		{386A49B5-6946-434B-9E1B-1DBDC3E11E42}.Debug|Any CPU.ActiveCfg = Debug|Any CPU
		{386A49B5-6946-434B-9E1B-1DBDC3E11E42}.Debug|Any CPU.Build.0 = Debug|Any CPU
		{386A49B5-6946-434B-9E1B-1DBDC3E11E42}.Release|Any CPU.ActiveCfg = Release|Any CPU
		{386A49B5-6946-434B-9E1B-1DBDC3E11E42}.Release|Any CPU.Build.0 = Release|Any CPU
		{B07A8D00-4BC4-4876-9B3E-7015EABAE71F}.Debug|Any CPU.ActiveCfg = Debug|Any CPU
		{B07A8D00-4BC4-4876-9B3E-7015EABAE71F}.Debug|Any CPU.Build.0 = Debug|Any CPU
		{B07A8D00-4BC4-4876-9B3E-7015EABAE71F}.Release|Any CPU.ActiveCfg = Release|Any CPU
		{B07A8D00-4BC4-4876-9B3E-7015EABAE71F}.Release|Any CPU.Build.0 = Release|Any CPU
		{BAB5818F-8F03-4C05-867A-C9BAAF3EEA36}.Debug|Any CPU.ActiveCfg = Debug|Any CPU
		{BAB5818F-8F03-4C05-867A-C9BAAF3EEA36}.Debug|Any CPU.Build.0 = Debug|Any CPU
		{BAB5818F-8F03-4C05-867A-C9BAAF3EEA36}.Release|Any CPU.ActiveCfg = Release|Any CPU
		{BAB5818F-8F03-4C05-867A-C9BAAF3EEA36}.Release|Any CPU.Build.0 = Release|Any CPU
		{8E57963D-9B71-4E64-B2CE-690D94E15D11}.Debug|Any CPU.ActiveCfg = Debug|Any CPU
		{8E57963D-9B71-4E64-B2CE-690D94E15D11}.Debug|Any CPU.Build.0 = Debug|Any CPU
		{8E57963D-9B71-4E64-B2CE-690D94E15D11}.Release|Any CPU.ActiveCfg = Release|Any CPU
		{8E57963D-9B71-4E64-B2CE-690D94E15D11}.Release|Any CPU.Build.0 = Release|Any CPU
		{26D3BD1F-C5E6-4981-BA76-8BA1A2A5A17B}.Debug|Any CPU.ActiveCfg = Debug|Any CPU
		{26D3BD1F-C5E6-4981-BA76-8BA1A2A5A17B}.Debug|Any CPU.Build.0 = Debug|Any CPU
		{26D3BD1F-C5E6-4981-BA76-8BA1A2A5A17B}.Release|Any CPU.ActiveCfg = Release|Any CPU
		{26D3BD1F-C5E6-4981-BA76-8BA1A2A5A17B}.Release|Any CPU.Build.0 = Release|Any CPU
		{AA88F861-158E-4734-844A-DF34C5AD84A1}.Debug|Any CPU.ActiveCfg = Debug|Any CPU
		{AA88F861-158E-4734-844A-DF34C5AD84A1}.Debug|Any CPU.Build.0 = Debug|Any CPU
		{AA88F861-158E-4734-844A-DF34C5AD84A1}.Release|Any CPU.ActiveCfg = Release|Any CPU
		{AA88F861-158E-4734-844A-DF34C5AD84A1}.Release|Any CPU.Build.0 = Release|Any CPU
		{87618B0D-A199-4DE9-A2A8-D7E2ED0CB48A}.Debug|Any CPU.ActiveCfg = Debug|Any CPU
		{87618B0D-A199-4DE9-A2A8-D7E2ED0CB48A}.Debug|Any CPU.Build.0 = Debug|Any CPU
		{87618B0D-A199-4DE9-A2A8-D7E2ED0CB48A}.Release|Any CPU.ActiveCfg = Release|Any CPU
		{87618B0D-A199-4DE9-A2A8-D7E2ED0CB48A}.Release|Any CPU.Build.0 = Release|Any CPU
		{C07936D3-431E-46D5-9517-C90DAA08D41C}.Debug|Any CPU.ActiveCfg = Debug|Any CPU
		{C07936D3-431E-46D5-9517-C90DAA08D41C}.Debug|Any CPU.Build.0 = Debug|Any CPU
		{C07936D3-431E-46D5-9517-C90DAA08D41C}.Release|Any CPU.ActiveCfg = Release|Any CPU
		{C07936D3-431E-46D5-9517-C90DAA08D41C}.Release|Any CPU.Build.0 = Release|Any CPU
		{F3118A87-6041-4454-82CA-372309B5EAFA}.Debug|Any CPU.ActiveCfg = Debug|Any CPU
		{F3118A87-6041-4454-82CA-372309B5EAFA}.Debug|Any CPU.Build.0 = Debug|Any CPU
		{F3118A87-6041-4454-82CA-372309B5EAFA}.Release|Any CPU.ActiveCfg = Release|Any CPU
		{F3118A87-6041-4454-82CA-372309B5EAFA}.Release|Any CPU.Build.0 = Release|Any CPU
		{0878BD81-89D2-4696-A419-D0F7F5A97122}.Debug|Any CPU.ActiveCfg = Debug|Any CPU
		{0878BD81-89D2-4696-A419-D0F7F5A97122}.Debug|Any CPU.Build.0 = Debug|Any CPU
		{0878BD81-89D2-4696-A419-D0F7F5A97122}.Release|Any CPU.ActiveCfg = Release|Any CPU
		{0878BD81-89D2-4696-A419-D0F7F5A97122}.Release|Any CPU.Build.0 = Release|Any CPU
		{95934A98-88B4-481F-AA89-CC953C204547}.Debug|Any CPU.ActiveCfg = Debug|Any CPU
		{95934A98-88B4-481F-AA89-CC953C204547}.Debug|Any CPU.Build.0 = Debug|Any CPU
		{95934A98-88B4-481F-AA89-CC953C204547}.Release|Any CPU.ActiveCfg = Release|Any CPU
		{95934A98-88B4-481F-AA89-CC953C204547}.Release|Any CPU.Build.0 = Release|Any CPU
		{080D699B-A248-432E-A56D-CA1870F34ECC}.Debug|Any CPU.ActiveCfg = Debug|Any CPU
		{080D699B-A248-432E-A56D-CA1870F34ECC}.Debug|Any CPU.Build.0 = Debug|Any CPU
		{080D699B-A248-432E-A56D-CA1870F34ECC}.Release|Any CPU.ActiveCfg = Release|Any CPU
		{080D699B-A248-432E-A56D-CA1870F34ECC}.Release|Any CPU.Build.0 = Release|Any CPU
		{A3FDF81B-42C8-43E1-BC6F-A57A89A8160C}.Debug|Any CPU.ActiveCfg = Debug|Any CPU
		{A3FDF81B-42C8-43E1-BC6F-A57A89A8160C}.Debug|Any CPU.Build.0 = Debug|Any CPU
		{A3FDF81B-42C8-43E1-BC6F-A57A89A8160C}.Release|Any CPU.ActiveCfg = Release|Any CPU
		{A3FDF81B-42C8-43E1-BC6F-A57A89A8160C}.Release|Any CPU.Build.0 = Release|Any CPU
		{EB63612B-A7C1-4788-9313-501B4AA68A72}.Debug|Any CPU.ActiveCfg = Debug|Any CPU
		{EB63612B-A7C1-4788-9313-501B4AA68A72}.Debug|Any CPU.Build.0 = Debug|Any CPU
		{EB63612B-A7C1-4788-9313-501B4AA68A72}.Release|Any CPU.ActiveCfg = Release|Any CPU
		{EB63612B-A7C1-4788-9313-501B4AA68A72}.Release|Any CPU.Build.0 = Release|Any CPU
		{4462312A-C625-421D-B693-0082716F84F4}.Debug|Any CPU.ActiveCfg = Debug|Any CPU
		{4462312A-C625-421D-B693-0082716F84F4}.Debug|Any CPU.Build.0 = Debug|Any CPU
		{4462312A-C625-421D-B693-0082716F84F4}.Release|Any CPU.ActiveCfg = Release|Any CPU
		{4462312A-C625-421D-B693-0082716F84F4}.Release|Any CPU.Build.0 = Release|Any CPU
	EndGlobalSection
	GlobalSection(SolutionProperties) = preSolution
		HideSolutionNode = FALSE
	EndGlobalSection
	GlobalSection(NestedProjects) = preSolution
		{AC849CA2-49DB-46BF-AC19-97A2343D9198} = {9C4E419A-F8BD-42A4-A3E9-3C6EC9569D2E}
		{6C924FAC-B011-4A1B-B211-E7C4FF624365} = {095F2579-F293-4419-946C-A1392323FD5C}
		{9C4E419A-F8BD-42A4-A3E9-3C6EC9569D2E} = {095F2579-F293-4419-946C-A1392323FD5C}
		{79EDDE04-83BE-48C2-8A6C-1E4E5976B98C} = {095F2579-F293-4419-946C-A1392323FD5C}
		{CE6A4AFB-E76C-4729-B4AB-62BE4C635BCA} = {095F2579-F293-4419-946C-A1392323FD5C}
		{FFCCABA9-B5B9-454A-899A-EB84F65B06BA} = {79EDDE04-83BE-48C2-8A6C-1E4E5976B98C}
		{386A49B5-6946-434B-9E1B-1DBDC3E11E42} = {79EDDE04-83BE-48C2-8A6C-1E4E5976B98C}
		{B07A8D00-4BC4-4876-9B3E-7015EABAE71F} = {CE6A4AFB-E76C-4729-B4AB-62BE4C635BCA}
		{BAB5818F-8F03-4C05-867A-C9BAAF3EEA36} = {CE6A4AFB-E76C-4729-B4AB-62BE4C635BCA}
		{8E57963D-9B71-4E64-B2CE-690D94E15D11} = {CE6A4AFB-E76C-4729-B4AB-62BE4C635BCA}
		{26D3BD1F-C5E6-4981-BA76-8BA1A2A5A17B} = {CE6A4AFB-E76C-4729-B4AB-62BE4C635BCA}
		{AA88F861-158E-4734-844A-DF34C5AD84A1} = {9C4E419A-F8BD-42A4-A3E9-3C6EC9569D2E}
		{87618B0D-A199-4DE9-A2A8-D7E2ED0CB48A} = {9C4E419A-F8BD-42A4-A3E9-3C6EC9569D2E}
		{C07936D3-431E-46D5-9517-C90DAA08D41C} = {CE6A4AFB-E76C-4729-B4AB-62BE4C635BCA}
		{F3118A87-6041-4454-82CA-372309B5EAFA} = {79EDDE04-83BE-48C2-8A6C-1E4E5976B98C}
		{0878BD81-89D2-4696-A419-D0F7F5A97122} = {79EDDE04-83BE-48C2-8A6C-1E4E5976B98C}
		{95934A98-88B4-481F-AA89-CC953C204547} = {79EDDE04-83BE-48C2-8A6C-1E4E5976B98C}
		{080D699B-A248-432E-A56D-CA1870F34ECC} = {8F99697A-B195-46F6-B299-56A1756AF90E}
		{A3FDF81B-42C8-43E1-BC6F-A57A89A8160C} = {CE6A4AFB-E76C-4729-B4AB-62BE4C635BCA}
		{EB63612B-A7C1-4788-9313-501B4AA68A72} = {8F99697A-B195-46F6-B299-56A1756AF90E}
		{4462312A-C625-421D-B693-0082716F84F4} = {8F99697A-B195-46F6-B299-56A1756AF90E}
	EndGlobalSection
EndGlobal
